{
  "lockfileVersion": 1,
  "configVersion": 0,
  "workspaces": {
    "": {
      "name": "capacitor-app",
      "dependencies": {
        "@capacitor-community/bluetooth-le": "^8.1.3",
        "@capacitor/android": "^8.3.4",
        "@capacitor/camera": "latest",
        "@capacitor/core": "latest",
        "@capacitor/geolocation": "^8.2.0",
        "@capacitor/haptics": "^8.0.2",
        "@capacitor/local-notifications": "^8.2.0",
        "@capacitor/network": "^8.0.1",
        "@capacitor/splash-screen": "latest",
      },
      "devDependencies": {
        "@capacitor/cli": "latest",
        "@tailwindcss/vite": "^4.3.0",
        "tailwindcss": "^4.3.0",
        "vite": "^7.3.1",
      },
    },
  },
  "packages": {
    "@capacitor-community/bluetooth-le": ["@capacitor-community/bluetooth-le@8.1.3", "", { "dependencies": { "@types/web-bluetooth": "^0.0.20" }, "peerDependencies": { "@capacitor/core": ">=8.0.0" } }, "sha512-fDwKrxNPZ6muXVGKWsEi971NJ5xNRWmO/N8H7pSTjicT3TXceBdeGSSDDMoT3dRbfcDHjaPI70NfJKwXwf9idg=="],

    "@capacitor/android": ["@capacitor/android@8.3.4", "", { "peerDependencies": { "@capacitor/core": "^8.3.0" } }, "sha512-7gJjrG3X32Am1QMLqgMztWTYMLMVNE+VZwhekNxhvYizH4mOV05vH+rC9B+f17bCkYZfyu/qXQX6hoY7kLeVZw=="],

    "@capacitor/camera": ["@capacitor/camera@8.2.0", "", { "peerDependencies": { "@capacitor/core": ">=8.0.0" } }, "sha512-hYfrT6xpL936qoEkIpJzSnb0fQCaTkOux1cXzGBfH8QLOGqr6gSLiWZlZz/fqMPmMKJMNRBqlTQkj5fuMhVZog=="],

    "@capacitor/cli": ["@capacitor/cli@8.3.4", "", { "dependencies": { "@ionic/cli-framework-output": "^2.2.8", "@ionic/utils-subprocess": "^3.0.1", "@ionic/utils-terminal": "^2.3.5", "commander": "^12.1.0", "debug": "^4.4.0", "env-paths": "^2.2.0", "fs-extra": "^11.2.0", "kleur": "^4.1.5", "native-run": "^2.0.3", "open": "^8.4.0", "plist": "^3.1.0", "prompts": "^2.4.2", "rimraf": "^6.0.1", "semver": "^7.6.3", "tar": "^7.5.3", "tslib": "^2.8.1", "xml2js": "^0.6.2" }, "bin": { "cap": "bin/capacitor", "capacitor": "bin/capacitor" } }, "sha512-QEmyNdiDDVNYl0Mahm7YTVA/3t2tKcy7FWYDapeKGavS6HDNHZSjyTVwQpUXQbDZrrs/PS2Wau3Aii+LIFwm/A=="],

    "@capacitor/core": ["@capacitor/core@8.3.4", "", { "dependencies": { "tslib": "^2.1.0" } }, "sha512-CqRQCkb6HXxcx/N7s+hHTN6ef2CmamFiRMITwm4qB840ph56mS42bzUgn6tKCP+RZjdDweiRHj9ytDDeN6jFag=="],

    "@capacitor/geolocation": ["@capacitor/geolocation@8.2.0", "", { "dependencies": { "@capacitor/synapse": "^1.0.4" }, "peerDependencies": { "@capacitor/core": ">=8.0.0" } }, "sha512-N29QcoIPmme0xSxRkm7+3hjoHp6mBAOarxecvtCCZKyOBeKiJsFUq981cezg2XWBa6fhCXJMCCjQPngKK/dIag=="],

    "@capacitor/haptics": ["@capacitor/haptics@8.0.2", "", { "peerDependencies": { "@capacitor/core": ">=8.0.0" } }, "sha512-c2hZzRR5Fk1tbTvhG1jhh2XBAf3EhnIerMIb2sl7Mt41Gxx1fhBJFDa0/BI1IbY4loVepyyuqNC9820/GZuoWQ=="],

    "@capacitor/local-notifications": ["@capacitor/local-notifications@8.2.0", "", { "peerDependencies": { "@capacitor/core": ">=8.0.0" } }, "sha512-fvLY0w2w4MiX+DD4+Wv4DOwOLdzKZsMDwAcRv/Juudd+QbKbn69s6cM3xVqPwAiDqfnqsY4/S8xtQD6M73wY2A=="],

    "@capacitor/network": ["@capacitor/network@8.0.1", "", { "peerDependencies": { "@capacitor/core": ">=8.0.0" } }, "sha512-9xK/FHFmzKGanB6BdoSZOzXk8vF0OFVQSQ4PAsIrzAzLuXHryO317qy8dcHVpgxYeuZq2noI0My9z1DvVDi/9w=="],

    "@capacitor/splash-screen": ["@capacitor/splash-screen@8.0.1", "", { "peerDependencies": { "@capacitor/core": ">=8.0.0" } }, "sha512-c/ew/Z3eA7z8l06WoRAtzVF16VwYYrExmHmfGq1Cg675pVzaC/yuucB8/1xG1vhEfnW4fZ1KhSf/kzR1RiVYgg=="],

    "@capacitor/synapse": ["@capacitor/synapse@1.0.4", "", {}, "sha512-/C1FUo8/OkKuAT4nCIu/34ny9siNHr9qtFezu4kxm6GY1wNFxrCFWjfYx5C1tUhVGz3fxBABegupkpjXvjCHrw=="],

    "@esbuild/win32-x64": ["@esbuild/win32-x64@0.27.7", "", { "os": "win32", "cpu": "x64" }, ""],

    "@ionic/cli-framework-output": ["@ionic/cli-framework-output@2.2.8", "", { "dependencies": { "@ionic/utils-terminal": "2.3.5", "debug": "^4.0.0", "tslib": "^2.0.1" } }, ""],

    "@ionic/utils-array": ["@ionic/utils-array@2.1.6", "", { "dependencies": { "debug": "^4.0.0", "tslib": "^2.0.1" } }, ""],

    "@ionic/utils-fs": ["@ionic/utils-fs@3.1.7", "", { "dependencies": { "@types/fs-extra": "^8.0.0", "debug": "^4.0.0", "fs-extra": "^9.0.0", "tslib": "^2.0.1" } }, ""],

    "@ionic/utils-object": ["@ionic/utils-object@2.1.6", "", { "dependencies": { "debug": "^4.0.0", "tslib": "^2.0.1" } }, ""],

    "@ionic/utils-process": ["@ionic/utils-process@2.1.12", "", { "dependencies": { "@ionic/utils-object": "2.1.6", "@ionic/utils-terminal": "2.3.5", "debug": "^4.0.0", "signal-exit": "^3.0.3", "tree-kill": "^1.2.2", "tslib": "^2.0.1" } }, ""],

    "@ionic/utils-stream": ["@ionic/utils-stream@3.1.7", "", { "dependencies": { "debug": "^4.0.0", "tslib": "^2.0.1" } }, ""],

    "@ionic/utils-subprocess": ["@ionic/utils-subprocess@3.0.1", "", { "dependencies": { "@ionic/utils-array": "2.1.6", "@ionic/utils-fs": "3.1.7", "@ionic/utils-process": "2.1.12", "@ionic/utils-stream": "3.1.7", "@ionic/utils-terminal": "2.3.5", "cross-spawn": "^7.0.3", "debug": "^4.0.0", "tslib": "^2.0.1" } }, ""],

    "@ionic/utils-terminal": ["@ionic/utils-terminal@2.3.5", "", { "dependencies": { "@types/slice-ansi": "^4.0.0", "debug": "^4.0.0", "signal-exit": "^3.0.3", "slice-ansi": "^4.0.0", "string-width": "^4.1.0", "strip-ansi": "^6.0.0", "tslib": "^2.0.1", "untildify": "^4.0.0", "wrap-ansi": "^7.0.0" } }, ""],

    "@isaacs/fs-minipass": ["@isaacs/fs-minipass@4.0.1", "", { "dependencies": { "minipass": "^7.0.4" } }, ""],

    "@jridgewell/gen-mapping": ["@jridgewell/gen-mapping@0.3.13", "", { "dependencies": { "@jridgewell/sourcemap-codec": "^1.5.0", "@jridgewell/trace-mapping": "^0.3.24" } }, "sha512-2kkt/7niJ6MgEPxF0bYdQ6etZaA+fQvDcLKckhy1yIQOzaoKjBBjSj63/aLVjYE3qhRt5dvM+uUyfCg6UKCBbA=="],

    "@jridgewell/remapping": ["@jridgewell/remapping@2.3.5", "", { "dependencies": { "@jridgewell/gen-mapping": "^0.3.5", "@jridgewell/trace-mapping": "^0.3.24" } }, "sha512-LI9u/+laYG4Ds1TDKSJW2YPrIlcVYOwi2fUC6xB43lueCjgxV4lffOCZCtYFiH6TNOX+tQKXx97T4IKHbhyHEQ=="],

    "@jridgewell/resolve-uri": ["@jridgewell/resolve-uri@3.1.2", "", {}, "sha512-bRISgCIjP20/tbWSPWMEi54QVPRZExkuD9lJL+UIxUKtwVJA8wW1Trb1jMs1RFXo1CBTNZ/5hpC9QvmKWdopKw=="],

    "@jridgewell/sourcemap-codec": ["@jridgewell/sourcemap-codec@1.5.5", "", {}, "sha512-cYQ9310grqxueWbl+WuIUIaiUaDcj7WOq5fVhEljNVgRfOUhY9fy2zTvfoqWsnebh8Sl70VScFbICvJnLKB0Og=="],

    "@jridgewell/trace-mapping": ["@jridgewell/trace-mapping@0.3.31", "", { "dependencies": { "@jridgewell/resolve-uri": "^3.1.0", "@jridgewell/sourcemap-codec": "^1.4.14" } }, "sha512-zzNR+SdQSDJzc8joaeP8QQoCQr8NuYx2dIIytl1QeBEZHJ9uW6hebsrYgbz8hJwUQao3TWCMtmfV8Nu1twOLAw=="],

    "@rollup/rollup-win32-x64-gnu": ["@rollup/rollup-win32-x64-gnu@4.60.4", "", { "os": "win32", "cpu": "x64" }, ""],

    "@rollup/rollup-win32-x64-msvc": ["@rollup/rollup-win32-x64-msvc@4.60.4", "", { "os": "win32", "cpu": "x64" }, ""],

    "@tailwindcss/node": ["@tailwindcss/node@4.3.0", "", { "dependencies": { "@jridgewell/remapping": "^2.3.5", "enhanced-resolve": "^5.21.0", "jiti": "^2.6.1", "lightningcss": "1.32.0", "magic-string": "^0.30.21", "source-map-js": "^1.2.1", "tailwindcss": "4.3.0" } }, "sha512-aFb4gUhFOgdh9AXo4IzBEOzBkkAxm9VigwDJnMIYv3lcfXCJVesNfbEaBl4BNgVRyid92AmdviqwBUBRKSeY3g=="],

    "@tailwindcss/oxide": ["@tailwindcss/oxide@4.3.0", "", { "optionalDependencies": { "@tailwindcss/oxide-android-arm64": "4.3.0", "@tailwindcss/oxide-darwin-arm64": "4.3.0", "@tailwindcss/oxide-darwin-x64": "4.3.0", "@tailwindcss/oxide-freebsd-x64": "4.3.0", "@tailwindcss/oxide-linux-arm-gnueabihf": "4.3.0", "@tailwindcss/oxide-linux-arm64-gnu": "4.3.0", "@tailwindcss/oxide-linux-arm64-musl": "4.3.0", "@tailwindcss/oxide-linux-x64-gnu": "4.3.0", "@tailwindcss/oxide-linux-x64-musl": "4.3.0", "@tailwindcss/oxide-wasm32-wasi": "4.3.0", "@tailwindcss/oxide-win32-arm64-msvc": "4.3.0", "@tailwindcss/oxide-win32-x64-msvc": "4.3.0" } }, "sha512-F7HZGBeN9I0/AuuJS5PwcD8xayx5ri5GhjYUDBEVYUkexyA/giwbDNjRVrxSezE3T250OU2K/wp/ltWx3UOefg=="],

    "@tailwindcss/oxide-android-arm64": ["@tailwindcss/oxide-android-arm64@4.3.0", "", { "os": "android", "cpu": "arm64" }, "sha512-TJPiq67tKlLuObP6RkwvVGDoxCMBVtDgKkLfa/uyj7/FyxvQwHS+UOnVrXXgbEsfUaMgiVvC4KbJnRr26ho4Ng=="],

    "@tailwindcss/oxide-darwin-arm64": ["@tailwindcss/oxide-darwin-arm64@4.3.0", "", { "os": "darwin", "cpu": "arm64" }, "sha512-oMN/WZRb+SO37BmUElEgeEWuU8E/HXRkiODxJxLe1UTHVXLrdVSgfaJV7pSlhRGMSOiXLuxTIjfsF3wYvz8cgQ=="],

    "@tailwindcss/oxide-darwin-x64": ["@tailwindcss/oxide-darwin-x64@4.3.0", "", { "os": "darwin", "cpu": "x64" }, "sha512-N6CUmu4a6bKVADfw77p+iw6Yd9Q3OBhe0veaDX+QazfuVYlQsHfDgxBrsjQ/IW+zywL8mTrNd0SdJT/zgtvMdA=="],

    "@tailwindcss/oxide-freebsd-x64": ["@tailwindcss/oxide-freebsd-x64@4.3.0", "", { "os": "freebsd", "cpu": "x64" }, "sha512-zDL5hBkQdH5C6MpqbK3gQAgP80tsMwSI26vjOzjJtNCMUo0lFgOItzHKBIupOZNQxt3ouPH7RPhvNhiTfCe5CQ=="],

    "@tailwindcss/oxide-linux-arm-gnueabihf": ["@tailwindcss/oxide-linux-arm-gnueabihf@4.3.0", "", { "os": "linux", "cpu": "arm" }, "sha512-R06HdNi7A7OEoMsf6d4tjZ71RCWnZQPHj2mnotSFURjNLdBC+cIgXQ7l81CqeoiQftjf6OOblxXMInMgN2VzMA=="],

    "@tailwindcss/oxide-linux-arm64-gnu": ["@tailwindcss/oxide-linux-arm64-gnu@4.3.0", "", { "os": "linux", "cpu": "arm64" }, "sha512-qTJHELX8jetjhRQHCLilkVLmybpzNQAtaI/gaoVoidn/ufbNDbAo8KlK2J+yPoc8wQxvDxCmh/5lr8nC1+lTbg=="],

    "@tailwindcss/oxide-linux-arm64-musl": ["@tailwindcss/oxide-linux-arm64-musl@4.3.0", "", { "os": "linux", "cpu": "arm64" }, "sha512-Z6sukiQsngnWO+l39X4pPbiWT81IC+PLKF+PHxIlyZbGNb9MODfYlXEVlFvej5BOZInWX01kVyzeLvHsXhfczQ=="],

    "@tailwindcss/oxide-linux-x64-gnu": ["@tailwindcss/oxide-linux-x64-gnu@4.3.0", "", { "os": "linux", "cpu": "x64" }, "sha512-DRNdQRpSGzRGfARVuVkxvM8Q12nh19l4BF/G7zGA1oe+9wcC6saFBHTISrpIcKzhiXtSrlSrluCfvMuledoCTQ=="],

    "@tailwindcss/oxide-linux-x64-musl": ["@tailwindcss/oxide-linux-x64-musl@4.3.0", "", { "os": "linux", "cpu": "x64" }, "sha512-Z0IADbDo8bh6I7h2IQMx601AdXBLfFpEdUotft86evd/8ZPflZe9COPO8Q1vw+pfLWIUo9zN/JGZvwuAJqduqg=="],

    "@tailwindcss/oxide-wasm32-wasi": ["@tailwindcss/oxide-wasm32-wasi@4.3.0", "", { "cpu": "none" }, "sha512-HNZGOUxEmElksYR7S6sC5jTeNGpobAsy9u7Gu0AskJ8/20FR9GqebUyB+HBcU/ax6BHuiuJi+Oda4B+YX6H1yA=="],

    "@tailwindcss/oxide-win32-arm64-msvc": ["@tailwindcss/oxide-win32-arm64-msvc@4.3.0", "", { "os": "win32", "cpu": "arm64" }, "sha512-Pe+RPVTi1T+qymuuRpcdvwSVZjnll/f7n8gBxMMh3xLTctMDKqpdfGimbMyioqtLhUYZxdJ9wGNhV7MKHvgZsQ=="],

    "@tailwindcss/oxide-win32-x64-msvc": ["@tailwindcss/oxide-win32-x64-msvc@4.3.0", "", { "os": "win32", "cpu": "x64" }, "sha512-Mvrf2kXW/yeW/OTezZlCGOirXRcUuLIBx/5Y12BaPM7wJoryG6dfS/NJL8aBPqtTEx/Vm4T4vKzFUcKDT+TKUA=="],

    "@tailwindcss/vite": ["@tailwindcss/vite@4.3.0", "", { "dependencies": { "@tailwindcss/node": "4.3.0", "@tailwindcss/oxide": "4.3.0", "tailwindcss": "4.3.0" }, "peerDependencies": { "vite": "^5.2.0 || ^6 || ^7 || ^8" } }, "sha512-t6J3OrB5Fc0ExuhohouH0fWUGMYL6PTLhW+E7zIk/pdbnJARZDCwjBznFnkh5ynRnIRSI4YjtTH0t6USjJISrw=="],

    "@types/estree": ["@types/estree@1.0.8", "", {}, ""],

    "@types/fs-extra": ["@types/fs-extra@8.1.5", "", { "dependencies": { "@types/node": "*" } }, ""],

    "@types/node": ["@types/node@25.9.1", "", { "dependencies": { "undici-types": ">=7.24.0 <7.24.7" } }, ""],

    "@types/slice-ansi": ["@types/slice-ansi@4.0.0", "", {}, ""],

    "@types/web-bluetooth": ["@types/web-bluetooth@0.0.20", "", {}, "sha512-g9gZnnXVq7gM7v3tJCWV/qw7w+KeOlSHAhgF9RytFyifW6AF61hdT2ucrYhPq9hLs5JIryeupHV3qGk95dH9ow=="],

    "@xmldom/xmldom": ["@xmldom/xmldom@0.9.10", "", {}, ""],

    "ansi-regex": ["ansi-regex@5.0.1", "", {}, ""],

    "ansi-styles": ["ansi-styles@4.3.0", "", { "dependencies": { "color-convert": "^2.0.1" } }, ""],

    "astral-regex": ["astral-regex@2.0.0", "", {}, ""],

    "at-least-node": ["at-least-node@1.0.0", "", {}, ""],

    "balanced-match": ["balanced-match@4.0.4", "", {}, ""],

    "base64-js": ["base64-js@1.5.1", "", {}, ""],

    "big-integer": ["big-integer@1.6.52", "", {}, ""],

    "bplist-parser": ["bplist-parser@0.3.2", "", { "dependencies": { "big-integer": "1.6.x" } }, ""],

    "brace-expansion": ["brace-expansion@5.0.6", "", { "dependencies": { "balanced-match": "^4.0.2" } }, ""],

    "buffer-crc32": ["buffer-crc32@0.2.13", "", {}, ""],

    "chownr": ["chownr@3.0.0", "", {}, ""],

    "color-convert": ["color-convert@2.0.1", "", { "dependencies": { "color-name": "~1.1.4" } }, ""],

    "color-name": ["color-name@1.1.4", "", {}, ""],

    "commander": ["commander@12.1.0", "", {}, ""],

    "cross-spawn": ["cross-spawn@7.0.6", "", { "dependencies": { "path-key": "^3.1.0", "shebang-command": "^2.0.0", "which": "^2.0.1" } }, ""],

    "debug": ["debug@4.4.3", "", { "dependencies": { "ms": "^2.1.3" } }, ""],

    "define-lazy-prop": ["define-lazy-prop@2.0.0", "", {}, ""],

    "detect-libc": ["detect-libc@2.1.2", "", {}, "sha512-Btj2BOOO83o3WyH59e8MgXsxEQVcarkUOpEYrubB0urwnN10yQ364rsiByU11nZlqWYZm05i/of7io4mzihBtQ=="],

    "elementtree": ["elementtree@0.1.7", "", { "dependencies": { "sax": "1.1.4" } }, ""],

    "emoji-regex": ["emoji-regex@8.0.0", "", {}, ""],

    "enhanced-resolve": ["enhanced-resolve@5.22.0", "", { "dependencies": { "graceful-fs": "^4.2.4", "tapable": "^2.3.3" } }, "sha512-xYcDWrpELkFzz9SpZ3PlI6Eu6eD93Yf0WLDRxikGhWJ3MAir2SNZTIVCVZqZ/NUyx8AdMc2gT9C0gPiw18kG+A=="],

    "env-paths": ["env-paths@2.2.1", "", {}, ""],

    "esbuild": ["esbuild@0.27.7", "", { "optionalDependencies": { "@esbuild/win32-x64": "0.27.7" }, "bin": "bin/esbuild" }, ""],

    "fd-slicer": ["fd-slicer@1.1.0", "", { "dependencies": { "pend": "~1.2.0" } }, ""],

    "fdir": ["fdir@6.5.0", "", { "peerDependencies": { "picomatch": "^3 || ^4" } }, ""],

    "fs-extra": ["fs-extra@11.3.5", "", { "dependencies": { "graceful-fs": "^4.2.0", "jsonfile": "^6.0.1", "universalify": "^2.0.0" } }, ""],

    "glob": ["glob@13.0.6", "", { "dependencies": { "minimatch": "^10.2.2", "minipass": "^7.1.3", "path-scurry": "^2.0.2" } }, ""],

    "graceful-fs": ["graceful-fs@4.2.11", "", {}, ""],

    "inherits": ["inherits@2.0.4", "", {}, ""],

    "ini": ["ini@4.1.3", "", {}, ""],

    "is-docker": ["is-docker@2.2.1", "", { "bin": "cli.js" }, ""],

    "is-fullwidth-code-point": ["is-fullwidth-code-point@3.0.0", "", {}, ""],

    "is-wsl": ["is-wsl@2.2.0", "", { "dependencies": { "is-docker": "^2.0.0" } }, ""],

    "isexe": ["isexe@2.0.0", "", {}, ""],

    "jiti": ["jiti@2.7.0", "", { "bin": "lib/jiti-cli.mjs" }, "sha512-AC/7JofJvZGrrneWNaEnJeOLUx+JlGt7tNa0wZiRPT4MY1wmfKjt2+6O2p2uz2+skll8OZZmJMNqeke7kKbNgQ=="],

    "jsonfile": ["jsonfile@6.2.1", "", { "dependencies": { "universalify": "^2.0.0" }, "optionalDependencies": { "graceful-fs": "^4.1.6" } }, ""],

    "kleur": ["kleur@4.1.5", "", {}, ""],

    "lightningcss": ["lightningcss@1.32.0", "", { "dependencies": { "detect-libc": "^2.0.3" }, "optionalDependencies": { "lightningcss-android-arm64": "1.32.0", "lightningcss-darwin-arm64": "1.32.0", "lightningcss-darwin-x64": "1.32.0", "lightningcss-freebsd-x64": "1.32.0", "lightningcss-linux-arm-gnueabihf": "1.32.0", "lightningcss-linux-arm64-gnu": "1.32.0", "lightningcss-linux-arm64-musl": "1.32.0", "lightningcss-linux-x64-gnu": "1.32.0", "lightningcss-linux-x64-musl": "1.32.0", "lightningcss-win32-arm64-msvc": "1.32.0", "lightningcss-win32-x64-msvc": "1.32.0" } }, "sha512-NXYBzinNrblfraPGyrbPoD19C1h9lfI/1mzgWYvXUTe414Gz/X1FD2XBZSZM7rRTrMA8JL3OtAaGifrIKhQ5yQ=="],

    "lightningcss-android-arm64": ["lightningcss-android-arm64@1.32.0", "", { "os": "android", "cpu": "arm64" }, "sha512-YK7/ClTt4kAK0vo6w3X+Pnm0D2cf2vPHbhOXdoNti1Ga0al1P4TBZhwjATvjNwLEBCnKvjJc2jQgHXH0NEwlAg=="],

    "lightningcss-darwin-arm64": ["lightningcss-darwin-arm64@1.32.0", "", { "os": "darwin", "cpu": "arm64" }, "sha512-RzeG9Ju5bag2Bv1/lwlVJvBE3q6TtXskdZLLCyfg5pt+HLz9BqlICO7LZM7VHNTTn/5PRhHFBSjk5lc4cmscPQ=="],

    "lightningcss-darwin-x64": ["lightningcss-darwin-x64@1.32.0", "", { "os": "darwin", "cpu": "x64" }, "sha512-U+QsBp2m/s2wqpUYT/6wnlagdZbtZdndSmut/NJqlCcMLTWp5muCrID+K5UJ6jqD2BFshejCYXniPDbNh73V8w=="],

    "lightningcss-freebsd-x64": ["lightningcss-freebsd-x64@1.32.0", "", { "os": "freebsd", "cpu": "x64" }, "sha512-JCTigedEksZk3tHTTthnMdVfGf61Fky8Ji2E4YjUTEQX14xiy/lTzXnu1vwiZe3bYe0q+SpsSH/CTeDXK6WHig=="],

    "lightningcss-linux-arm-gnueabihf": ["lightningcss-linux-arm-gnueabihf@1.32.0", "", { "os": "linux", "cpu": "arm" }, "sha512-x6rnnpRa2GL0zQOkt6rts3YDPzduLpWvwAF6EMhXFVZXD4tPrBkEFqzGowzCsIWsPjqSK+tyNEODUBXeeVHSkw=="],

    "lightningcss-linux-arm64-gnu": ["lightningcss-linux-arm64-gnu@1.32.0", "", { "os": "linux", "cpu": "arm64" }, "sha512-0nnMyoyOLRJXfbMOilaSRcLH3Jw5z9HDNGfT/gwCPgaDjnx0i8w7vBzFLFR1f6CMLKF8gVbebmkUN3fa/kQJpQ=="],

    "lightningcss-linux-arm64-musl": ["lightningcss-linux-arm64-musl@1.32.0", "", { "os": "linux", "cpu": "arm64" }, "sha512-UpQkoenr4UJEzgVIYpI80lDFvRmPVg6oqboNHfoH4CQIfNA+HOrZ7Mo7KZP02dC6LjghPQJeBsvXhJod/wnIBg=="],

    "lightningcss-linux-x64-gnu": ["lightningcss-linux-x64-gnu@1.32.0", "", { "os": "linux", "cpu": "x64" }, "sha512-V7Qr52IhZmdKPVr+Vtw8o+WLsQJYCTd8loIfpDaMRWGUZfBOYEJeyJIkqGIDMZPwPx24pUMfwSxxI8phr/MbOA=="],

    "lightningcss-linux-x64-musl": ["lightningcss-linux-x64-musl@1.32.0", "", { "os": "linux", "cpu": "x64" }, "sha512-bYcLp+Vb0awsiXg/80uCRezCYHNg1/l3mt0gzHnWV9XP1W5sKa5/TCdGWaR/zBM2PeF/HbsQv/j2URNOiVuxWg=="],

    "lightningcss-win32-arm64-msvc": ["lightningcss-win32-arm64-msvc@1.32.0", "", { "os": "win32", "cpu": "arm64" }, "sha512-8SbC8BR40pS6baCM8sbtYDSwEVQd4JlFTOlaD3gWGHfThTcABnNDBda6eTZeqbofalIJhFx0qKzgHJmcPTnGdw=="],

    "lightningcss-win32-x64-msvc": ["lightningcss-win32-x64-msvc@1.32.0", "", { "os": "win32", "cpu": "x64" }, "sha512-Amq9B/SoZYdDi1kFrojnoqPLxYhQ4Wo5XiL8EVJrVsB8ARoC1PWW6VGtT0WKCemjy8aC+louJnjS7U18x3b06Q=="],

    "lru-cache": ["lru-cache@11.5.0", "", {}, ""],

    "magic-string": ["magic-string@0.30.21", "", { "dependencies": { "@jridgewell/sourcemap-codec": "^1.5.5" } }, "sha512-vd2F4YUyEXKGcLHoq+TEyCjxueSeHnFxyyjNp80yg0XV4vUhnDer/lvvlqM/arB5bXQN5K2/3oinyCRyx8T2CQ=="],

    "minimatch": ["minimatch@10.2.5", "", { "dependencies": { "brace-expansion": "^5.0.5" } }, ""],

    "minipass": ["minipass@7.1.3", "", {}, ""],

    "minizlib": ["minizlib@3.1.0", "", { "dependencies": { "minipass": "^7.1.2" } }, ""],

    "ms": ["ms@2.1.3", "", {}, ""],

    "nanoid": ["nanoid@3.3.12", "", { "bin": "bin/nanoid.cjs" }, ""],

    "native-run": ["native-run@2.0.3", "", { "dependencies": { "@ionic/utils-fs": "^3.1.7", "@ionic/utils-terminal": "^2.3.4", "bplist-parser": "^0.3.2", "debug": "^4.3.4", "elementtree": "^0.1.7", "ini": "^4.1.1", "plist": "^3.1.0", "split2": "^4.2.0", "through2": "^4.0.2", "tslib": "^2.6.2", "yauzl": "^2.10.0" }, "bin": "bin/native-run" }, ""],

    "open": ["open@8.4.2", "", { "dependencies": { "define-lazy-prop": "^2.0.0", "is-docker": "^2.1.1", "is-wsl": "^2.2.0" } }, ""],

    "package-json-from-dist": ["package-json-from-dist@1.0.1", "", {}, ""],

    "path-key": ["path-key@3.1.1", "", {}, ""],

    "path-scurry": ["path-scurry@2.0.2", "", { "dependencies": { "lru-cache": "^11.0.0", "minipass": "^7.1.2" } }, ""],

    "pend": ["pend@1.2.0", "", {}, ""],

    "picocolors": ["picocolors@1.1.1", "", {}, ""],

    "picomatch": ["picomatch@4.0.4", "", {}, ""],

    "plist": ["plist@3.1.1", "", { "dependencies": { "@xmldom/xmldom": "^0.9.10", "base64-js": "^1.5.1", "xmlbuilder": "^15.1.1" } }, ""],

    "postcss": ["postcss@8.5.15", "", { "dependencies": { "nanoid": "^3.3.12", "picocolors": "^1.1.1", "source-map-js": "^1.2.1" } }, ""],

    "prompts": ["prompts@2.4.2", "", { "dependencies": { "kleur": "^3.0.3", "sisteransi": "^1.0.5" } }, ""],

    "readable-stream": ["readable-stream@3.6.2", "", { "dependencies": { "inherits": "^2.0.3", "string_decoder": "^1.1.1", "util-deprecate": "^1.0.1" } }, ""],

    "rimraf": ["rimraf@6.1.3", "", { "dependencies": { "glob": "^13.0.3", "package-json-from-dist": "^1.0.1" }, "bin": "dist/esm/bin.mjs" }, ""],

    "rollup": ["rollup@4.60.4", "", { "dependencies": { "@types/estree": "1.0.8" }, "optionalDependencies": { "@rollup/rollup-win32-x64-gnu": "4.60.4", "@rollup/rollup-win32-x64-msvc": "4.60.4" }, "bin": "dist/bin/rollup" }, ""],

    "safe-buffer": ["safe-buffer@5.2.1", "", {}, ""],

    "sax": ["sax@1.6.0", "", {}, ""],

    "semver": ["semver@7.8.0", "", { "bin": "bin/semver.js" }, ""],

    "shebang-command": ["shebang-command@2.0.0", "", { "dependencies": { "shebang-regex": "^3.0.0" } }, ""],

    "shebang-regex": ["shebang-regex@3.0.0", "", {}, ""],

    "signal-exit": ["signal-exit@3.0.7", "", {}, ""],

    "sisteransi": ["sisteransi@1.0.5", "", {}, ""],

    "slice-ansi": ["slice-ansi@4.0.0", "", { "dependencies": { "ansi-styles": "^4.0.0", "astral-regex": "^2.0.0", "is-fullwidth-code-point": "^3.0.0" } }, ""],

    "source-map-js": ["source-map-js@1.2.1", "", {}, ""],

    "split2": ["split2@4.2.0", "", {}, ""],

    "string-width": ["string-width@4.2.3", "", { "dependencies": { "emoji-regex": "^8.0.0", "is-fullwidth-code-point": "^3.0.0", "strip-ansi": "^6.0.1" } }, ""],

    "string_decoder": ["string_decoder@1.3.0", "", { "dependencies": { "safe-buffer": "~5.2.0" } }, ""],

    "strip-ansi": ["strip-ansi@6.0.1", "", { "dependencies": { "ansi-regex": "^5.0.1" } }, ""],

    "tailwindcss": ["tailwindcss@4.3.0", "", {}, "sha512-y6nxMGB1nMW9R6k96e5gdIFzcfL/gTJRNaqGes1YvkLnPVXzWgbqFF2yLC0T8G774n24cx3Pe8XrKoniCOAH+Q=="],

    "tapable": ["tapable@2.3.3", "", {}, "sha512-uxc/zpqFg6x7C8vOE7lh6Lbda8eEL9zmVm/PLeTPBRhh1xCgdWaQ+J1CUieGpIfm2HdtsUpRv+HshiasBMcc6A=="],

    "tar": ["tar@7.5.15", "", { "dependencies": { "@isaacs/fs-minipass": "^4.0.0", "chownr": "^3.0.0", "minipass": "^7.1.2", "minizlib": "^3.1.0", "yallist": "^5.0.0" } }, ""],

    "through2": ["through2@4.0.2", "", { "dependencies": { "readable-stream": "3" } }, ""],

    "tinyglobby": ["tinyglobby@0.2.16", "", { "dependencies": { "fdir": "^6.5.0", "picomatch": "^4.0.4" } }, ""],

    "tree-kill": ["tree-kill@1.2.2", "", { "bin": "cli.js" }, ""],

    "tslib": ["tslib@2.8.1", "", {}, ""],

    "undici-types": ["undici-types@7.24.6", "", {}, ""],

    "universalify": ["universalify@2.0.1", "", {}, ""],

    "untildify": ["untildify@4.0.0", "", {}, ""],

    "util-deprecate": ["util-deprecate@1.0.2", "", {}, ""],

    "vite": ["vite@7.3.3", "", { "dependencies": { "esbuild": "^0.27.0", "fdir": "^6.5.0", "picomatch": "^4.0.3", "postcss": "^8.5.6", "rollup": "^4.43.0", "tinyglobby": "^0.2.15" }, "peerDependencies": { "@types/node": "^20.19.0 || >=22.12.0", "jiti": ">=1.21.0", "less": "^4.0.0", "lightningcss": "^1.21.0", "sass": "^1.70.0", "sass-embedded": "^1.70.0", "stylus": ">=0.54.8", "sugarss": "^5.0.0", "terser": "^5.16.0", "tsx": "^4.8.1", "yaml": "^2.4.2" }, "optionalPeers": ["less", "sass", "sass-embedded", "stylus", "sugarss", "terser", "tsx", "yaml"], "bin": "bin/vite.js" }, ""],

    "which": ["which@2.0.2", "", { "dependencies": { "isexe": "^2.0.0" }, "bin": { "node-which": "bin/node-which" } }, ""],

    "wrap-ansi": ["wrap-ansi@7.0.0", "", { "dependencies": { "ansi-styles": "^4.0.0", "string-width": "^4.1.0", "strip-ansi": "^6.0.0" } }, ""],

    "xml2js": ["xml2js@0.6.2", "", { "dependencies": { "sax": ">=0.6.0", "xmlbuilder": "~11.0.0" } }, ""],

    "xmlbuilder": ["xmlbuilder@15.1.1", "", {}, ""],

    "yallist": ["yallist@5.0.0", "", {}, ""],

    "yauzl": ["yauzl@2.10.0", "", { "dependencies": { "buffer-crc32": "~0.2.3", "fd-slicer": "~1.1.0" } }, ""],

    "@ionic/utils-fs/fs-extra": ["fs-extra@9.1.0", "", { "dependencies": { "at-least-node": "^1.0.0", "graceful-fs": "^4.2.0", "jsonfile": "^6.0.1", "universalify": "^2.0.0" } }, ""],

    "elementtree/sax": ["sax@1.1.4", "", {}, ""],

    "prompts/kleur": ["kleur@3.0.3", "", {}, ""],

    "xml2js/xmlbuilder": ["xmlbuilder@11.0.1", "", {}, ""],
  }
}
